
Microsoft Visual Studio Solution File, Format Version 12.00
# Visual Studio Version 17
VisualStudioVersion = 17.8.34408.163
MinimumVisualStudioVersion = 10.0.40219.1
Project("{8BC9CEB8-8B4A-11D0-8D11-00A0C91BC942}") = "Polygon Slayer", "Polygon Slayer.vcxproj", "{20E67BD8-00F8-4CB3-A5E8-F5773CE25874}"
EndProject
Global
	GlobalSection(SolutionConfigurationPlatforms) = preSolution
		Debug|x64 = Debug|x64
		Debug|x86 = Debug|x86
		Release|x64 = Release|x64
		Release|x86 = Release|x86
	EndGlobalSection
	GlobalSection(ProjectConfigurationPlatforms) = postSolution
		{20E67BD8-00F8-4CB3-A5E8-F5773CE25874}.Debug|x64.ActiveCfg = Debug|x64
		{20E67BD8-00F8-4CB3-A5E8-F5773CE25874}.Debug|x64.Build.0 = Debug|x64
		{20E67BD8-00F8-4CB3-A5E8-F5773CE25874}.Debug|x86.ActiveCfg = Debug|Win32
		{20E67BD8-00F8-4CB3-A5E8-F5773CE25874}.Debug|x86.Build.0 = Debug|Win32
		{20E67BD8-00F8-4CB3-A5E8-F5773CE25874}.Release|x64.ActiveCfg = Release|x64
		{20E67BD8-00F8-4CB3-A5E8-F5773CE25874}.Release|x64.Build.0 = Release|x64
		{20E67BD8-00F8-4CB3-A5E8-F5773CE25874}.Release|x86.ActiveCfg = Release|Win32
		{20E67BD8-00F8-4CB3-A5E8-F5773CE25874}.Release|x86.Build.0 = Release|Win32
	EndGlobalSection
	GlobalSection(SolutionProperties) = preSolution
		HideSolutionNode = FALSE
	EndGlobalSection
	GlobalSection(ExtensibilityGlobals) = postSolution
		SolutionGuid = {EA2649FD-3493-4B5A-A396-F851CF8FAED4}
	EndGlobalSection
EndGlobal
